// !$*UTF8*$!
{
	archiveVersion = 1;
	classes = {
	};
	objectVersion = 50;
	objects = {

/* Begin PBXBuildFile section */
		1B4C9E2622127DC80089B900 /* AppDelegate.swift in Sources */ = {isa = PBXBuildFile; fileRef = 1B4C9E2522127DC80089B900 /* AppDelegate.swift */; };
		1B4C9E2822127DC80089B900 /* ViewController.swift in Sources */ = {isa = PBXBuildFile; fileRef = 1B4C9E2722127DC80089B900 /* ViewController.swift */; };
		1B4C9E2D22127DCA0089B900 /* Assets.xcassets in Resources */ = {isa = PBXBuildFile; fileRef = 1B4C9E2C22127DCA0089B900 /* Assets.xcassets */; };
		1B4C9E3022127DCA0089B900 /* LaunchScreen.storyboard in Resources */ = {isa = PBXBuildFile; fileRef = 1B4C9E2E22127DCA0089B900 /* LaunchScreen.storyboard */; };
		1B4C9E3B22127DCA0089B900 /* demoTests.swift in Sources */ = {isa = PBXBuildFile; fileRef = 1B4C9E3A22127DCA0089B900 /* demoTests.swift */; };
		1B4C9E4622127DCA0089B900 /* demoUITests.swift in Sources */ = {isa = PBXBuildFile; fileRef = 1B4C9E4522127DCA0089B900 /* demoUITests.swift */; };
		1B4C9E54221283080089B900 /* View.swift in Sources */ = {isa = PBXBuildFile; fileRef = 1B4C9E53221283080089B900 /* View.swift */; };
		1B4C9E56221285FB0089B900 /* ContentProvider.swift in Sources */ = {isa = PBXBuildFile; fileRef = 1B4C9E55221285FB0089B900 /* ContentProvider.swift */; };
		1B4C9E5822128F880089B900 /* Model.swift in Sources */ = {isa = PBXBuildFile; fileRef = 1B4C9E5722128F880089B900 /* Model.swift */; };
		1B4C9E5A221292590089B900 /* NetworkLayer.swift in Sources */ = {isa = PBXBuildFile; fileRef = 1B4C9E59221292590089B900 /* NetworkLayer.swift */; };
		1B4C9E5C2212992B0089B900 /* CacheLayer.swift in Sources */ = {isa = PBXBuildFile; fileRef = 1B4C9E5B2212992B0089B900 /* CacheLayer.swift */; };
		1B6B0C3422157E8D0021E6C6 /* CustomTableViewCell.swift in Sources */ = {isa = PBXBuildFile; fileRef = 1B6B0C3322157E8D0021E6C6 /* CustomTableViewCell.swift */; };
/* End PBXBuildFile section */

/* Begin PBXContainerItemProxy section */
		1B4C9E3722127DCA0089B900 /* PBXContainerItemProxy */ = {
			isa = PBXContainerItemProxy;
			containerPortal = 1B4C9E1A22127DC80089B900 /* Project object */;
			proxyType = 1;
			remoteGlobalIDString = 1B4C9E2122127DC80089B900;
			remoteInfo = demo;
		};
		1B4C9E4222127DCA0089B900 /* PBXContainerItemProxy */ = {
			isa = PBXContainerItemProxy;
			containerPortal = 1B4C9E1A22127DC80089B900 /* Project object */;
			proxyType = 1;
			remoteGlobalIDString = 1B4C9E2122127DC80089B900;
			remoteInfo = demo;
		};
/* End PBXContainerItemProxy section */

/* Begin PBXFileReference section */
		1B4C9E2222127DC80089B900 /* demo.app */ = {isa = PBXFileReference; explicitFileType = wrapper.application; includeInIndex = 0; path = demo.app; sourceTree = BUILT_PRODUCTS_DIR; };
		1B4C9E2522127DC80089B900 /* AppDelegate.swift */ = {isa = PBXFileReference; lastKnownFileType = sourcecode.swift; path = AppDelegate.swift; sourceTree = "<group>"; };
		1B4C9E2722127DC80089B900 /* ViewController.swift */ = {isa = PBXFileReference; lastKnownFileType = sourcecode.swift; path = ViewController.swift; sourceTree = "<group>"; };
		1B4C9E2C22127DCA0089B900 /* Assets.xcassets */ = {isa = PBXFileReference; lastKnownFileType = folder.assetcatalog; path = Assets.xcassets; sourceTree = "<group>"; };
		1B4C9E2F22127DCA0089B900 /* Base */ = {isa = PBXFileReference; lastKnownFileType = file.storyboard; name = Base; path = Base.lproj/LaunchScreen.storyboard; sourceTree = "<group>"; };
		1B4C9E3122127DCA0089B900 /* Info.plist */ = {isa = PBXFileReference; lastKnownFileType = text.plist.xml; path = Info.plist; sourceTree = "<group>"; };
		1B4C9E3622127DCA0089B900 /* demoTests.xctest */ = {isa = PBXFileReference; explicitFileType = wrapper.cfbundle; includeInIndex = 0; path = demoTests.xctest; sourceTree = BUILT_PRODUCTS_DIR; };
		1B4C9E3A22127DCA0089B900 /* demoTests.swift */ = {isa = PBXFileReference; lastKnownFileType = sourcecode.swift; path = demoTests.swift; sourceTree = "<group>"; };
		1B4C9E3C22127DCA0089B900 /* Info.plist */ = {isa = PBXFileReference; lastKnownFileType = text.plist.xml; path = Info.plist; sourceTree = "<group>"; };
		1B4C9E4122127DCA0089B900 /* demoUITests.xctest */ = {isa = PBXFileReference; explicitFileType = wrapper.cfbundle; includeInIndex = 0; path = demoUITests.xctest; sourceTree = BUILT_PRODUCTS_DIR; };
		1B4C9E4522127DCA0089B900 /* demoUITests.swift */ = {isa = PBXFileReference; lastKnownFileType = sourcecode.swift; path = demoUITests.swift; sourceTree = "<group>"; };
		1B4C9E4722127DCA0089B900 /* Info.plist */ = {isa = PBXFileReference; lastKnownFileType = text.plist.xml; path = Info.plist; sourceTree = "<group>"; };
		1B4C9E53221283080089B900 /* View.swift */ = {isa = PBXFileReference; lastKnownFileType = sourcecode.swift; path = View.swift; sourceTree = "<group>"; };
		1B4C9E55221285FB0089B900 /* ContentProvider.swift */ = {isa = PBXFileReference; lastKnownFileType = sourcecode.swift; path = ContentProvider.swift; sourceTree = "<group>"; };
		1B4C9E5722128F880089B900 /* Model.swift */ = {isa = PBXFileReference; lastKnownFileType = sourcecode.swift; path = Model.swift; sourceTree = "<group>"; };
		1B4C9E59221292590089B900 /* NetworkLayer.swift */ = {isa = PBXFileReference; lastKnownFileType = sourcecode.swift; path = NetworkLayer.swift; sourceTree = "<group>"; };
		1B4C9E5B2212992B0089B900 /* CacheLayer.swift */ = {isa = PBXFileReference; lastKnownFileType = sourcecode.swift; path = CacheLayer.swift; sourceTree = "<group>"; };
		1B6B0C3322157E8D0021E6C6 /* CustomTableViewCell.swift */ = {isa = PBXFileReference; lastKnownFileType = sourcecode.swift; path = CustomTableViewCell.swift; sourceTree = "<group>"; };
/* End PBXFileReference section */

/* Begin PBXFrameworksBuildPhase section */
		1B4C9E1F22127DC80089B900 /* Frameworks */ = {
			isa = PBXFrameworksBuildPhase;
			buildActionMask = 2147483647;
			files = (
			);
			runOnlyForDeploymentPostprocessing = 0;
		};
		1B4C9E3322127DCA0089B900 /* Frameworks */ = {
			isa = PBXFrameworksBuildPhase;
			buildActionMask = 2147483647;
			files = (
			);
			runOnlyForDeploymentPostprocessing = 0;
		};
		1B4C9E3E22127DCA0089B900 /* Frameworks */ = {
			isa = PBXFrameworksBuildPhase;
			buildActionMask = 2147483647;
			files = (
			);
			runOnlyForDeploymentPostprocessing = 0;
		};
/* End PBXFrameworksBuildPhase section */

/* Begin PBXGroup section */
		1B4C9E1922127DC80089B900 = {
			isa = PBXGroup;
			children = (
				1B4C9E2422127DC80089B900 /* demo */,
				1B4C9E3922127DCA0089B900 /* demoTests */,
				1B4C9E4422127DCA0089B900 /* demoUITests */,
				1B4C9E2322127DC80089B900 /* Products */,
			);
			sourceTree = "<group>";
		};
		1B4C9E2322127DC80089B900 /* Products */ = {
			isa = PBXGroup;
			children = (
				1B4C9E2222127DC80089B900 /* demo.app */,
				1B4C9E3622127DCA0089B900 /* demoTests.xctest */,
				1B4C9E4122127DCA0089B900 /* demoUITests.xctest */,
			);
			name = Products;
			sourceTree = "<group>";
		};
		1B4C9E2422127DC80089B900 /* demo */ = {
			isa = PBXGroup;
			children = (
				1B4C9E2522127DC80089B900 /* AppDelegate.swift */,
				1B4C9E2722127DC80089B900 /* ViewController.swift */,
				1B4C9E53221283080089B900 /* View.swift */,
				1B6B0C3322157E8D0021E6C6 /* CustomTableViewCell.swift */,
				1B4C9E59221292590089B900 /* NetworkLayer.swift */,
				1B4C9E5B2212992B0089B900 /* CacheLayer.swift */,
				1B4C9E55221285FB0089B900 /* ContentProvider.swift */,
				1B4C9E5722128F880089B900 /* Model.swift */,
				1B4C9E2C22127DCA0089B900 /* Assets.xcassets */,
				1B4C9E2E22127DCA0089B900 /* LaunchScreen.storyboard */,
				1B4C9E3122127DCA0089B900 /* Info.plist */,
			);
			path = demo;
			sourceTree = "<group>";
		};
		1B4C9E3922127DCA0089B900 /* demoTests */ = {
			isa = PBXGroup;
			children = (
				1B4C9E3A22127DCA0089B900 /* demoTests.swift */,
				1B4C9E3C22127DCA0089B900 /* Info.plist */,
			);
			path = demoTests;
			sourceTree = "<group>";
		};
		1B4C9E4422127DCA0089B900 /* demoUITests */ = {
			isa = PBXGroup;
			children = (
				1B4C9E4522127DCA0089B900 /* demoUITests.swift */,
				1B4C9E4722127DCA0089B900 /* Info.plist */,
			);
			path = demoUITests;
			sourceTree = "<group>";
		};
/* End PBXGroup section */

/* Begin PBXNativeTarget section */
		1B4C9E2122127DC80089B900 /* demo */ = {
			isa = PBXNativeTarget;
			buildConfigurationList = 1B4C9E4A22127DCA0089B900 /* Build configuration list for PBXNativeTarget "demo" */;
			buildPhases = (
				1B4C9E1E22127DC80089B900 /* Sources */,
				1B4C9E1F22127DC80089B900 /* Frameworks */,
				1B4C9E2022127DC80089B900 /* Resources */,
			);
			buildRules = (
			);
			dependencies = (
			);
			name = demo;
			productName = demo;
			productReference = 1B4C9E2222127DC80089B900 /* demo.app */;
			productType = "com.apple.product-type.application";
		};
		1B4C9E3522127DCA0089B900 /* demoTests */ = {
			isa = PBXNativeTarget;
			buildConfigurationList = 1B4C9E4D22127DCA0089B900 /* Build configuration list for PBXNativeTarget "demoTests" */;
			buildPhases = (
				1B4C9E3222127DCA0089B900 /* Sources */,
				1B4C9E3322127DCA0089B900 /* Frameworks */,
				1B4C9E3422127DCA0089B900 /* Resources */,
			);
			buildRules = (
			);
			dependencies = (
				1B4C9E3822127DCA0089B900 /* PBXTargetDependency */,
			);
			name = demoTests;
			productName = demoTests;
			productReference = 1B4C9E3622127DCA0089B900 /* demoTests.xctest */;
			productType = "com.apple.product-type.bundle.unit-test";
		};
		1B4C9E4022127DCA0089B900 /* demoUITests */ = {
			isa = PBXNativeTarget;
			buildConfigurationList = 1B4C9E5022127DCA0089B900 /* Build configuration list for PBXNativeTarget "demoUITests" */;
			buildPhases = (
				1B4C9E3D22127DCA0089B900 /* Sources */,
				1B4C9E3E22127DCA0089B900 /* Frameworks */,
				1B4C9E3F22127DCA0089B900 /* Resources */,
			);
			buildRules = (
			);
			dependencies = (
				1B4C9E4322127DCA0089B900 /* PBXTargetDependency */,
			);
			name = demoUITests;
			productName = demoUITests;
			productReference = 1B4C9E4122127DCA0089B900 /* demoUITests.xctest */;
			productType = "com.apple.product-type.bundle.ui-testing";
		};
/* End PBXNativeTarget section */

/* Begin PBXProject section */
		1B4C9E1A22127DC80089B900 /* Project object */ = {
			isa = PBXProject;
			attributes = {
				LastSwiftUpdateCheck = 1000;
				LastUpgradeCheck = 1000;
				ORGANIZATIONNAME = demo;
				TargetAttributes = {
					1B4C9E2122127DC80089B900 = {
						CreatedOnToolsVersion = 10.0;
					};
					1B4C9E3522127DCA0089B900 = {
						CreatedOnToolsVersion = 10.0;
						TestTargetID = 1B4C9E2122127DC80089B900;
					};
					1B4C9E4022127DCA0089B900 = {
						CreatedOnToolsVersion = 10.0;
						TestTargetID = 1B4C9E2122127DC80089B900;
					};
				};
			};
			buildConfigurationList = 1B4C9E1D22127DC80089B900 /* Build configuration list for PBXProject "demo" */;
			compatibilityVersion = "Xcode 9.3";
			developmentRegion = en;
			hasScannedForEncodings = 0;
			knownRegions = (
				en,
				Base,
			);
			mainGroup = 1B4C9E1922127DC80089B900;
			productRefGroup = 1B4C9E2322127DC80089B900 /* Products */;
			projectDirPath = "";
			projectRoot = "";
			targets = (
				1B4C9E2122127DC80089B900 /* demo */,
				1B4C9E3522127DCA0089B900 /* demoTests */,
				1B4C9E4022127DCA0089B900 /* demoUITests */,
			);
		};
/* End PBXProject section */

/* Begin PBXResourcesBuildPhase section */
		1B4C9E2022127DC80089B900 /* Resources */ = {
			isa = PBXResourcesBuildPhase;
			buildActionMask = 2147483647;
			files = (
				1B4C9E3022127DCA0089B900 /* LaunchScreen.storyboard in Resources */,
				1B4C9E2D22127DCA0089B900 /* Assets.xcassets in Resources */,
			);
			runOnlyForDeploymentPostprocessing = 0;
		};
		1B4C9E3422127DCA0089B900 /* Resources */ = {
			isa = PBXResourcesBuildPhase;
			buildActionMask = 2147483647;
			files = (
			);
			runOnlyForDeploymentPostprocessing = 0;
		};
		1B4C9E3F22127DCA0089B900 /* Resources */ = {
			isa = PBXResourcesBuildPhase;
			buildActionMask = 2147483647;
			files = (
			);
			runOnlyForDeploymentPostprocessing = 0;
		};
/* End PBXResourcesBuildPhase section */

/* Begin PBXSourcesBuildPhase section */
		1B4C9E1E22127DC80089B900 /* Sources */ = {
			isa = PBXSourcesBuildPhase;
			buildActionMask = 2147483647;
			files = (
				1B4C9E5A221292590089B900 /* NetworkLayer.swift in Sources */,
				1B4C9E5C2212992B0089B900 /* CacheLayer.swift in Sources */,
				1B6B0C3422157E8D0021E6C6 /* CustomTableViewCell.swift in Sources */,
				1B4C9E5822128F880089B900 /* Model.swift in Sources */,
				1B4C9E2822127DC80089B900 /* ViewController.swift in Sources */,
				1B4C9E2622127DC80089B900 /* AppDelegate.swift in Sources */,
				1B4C9E56221285FB0089B900 /* ContentProvider.swift in Sources */,
				1B4C9E54221283080089B900 /* View.swift in Sources */,
			);
			runOnlyForDeploymentPostprocessing = 0;
		};
		1B4C9E3222127DCA0089B900 /* Sources */ = {
			isa = PBXSourcesBuildPhase;
			buildActionMask = 2147483647;
			files = (
				1B4C9E3B22127DCA0089B900 /* demoTests.swift in Sources */,
			);
			runOnlyForDeploymentPostprocessing = 0;
		};
		1B4C9E3D22127DCA0089B900 /* Sources */ = {
			isa = PBXSourcesBuildPhase;
			buildActionMask = 2147483647;
			files = (
				1B4C9E4622127DCA0089B900 /* demoUITests.swift in Sources */,
			);
			runOnlyForDeploymentPostprocessing = 0;
		};
/* End PBXSourcesBuildPhase section */

/* Begin PBXTargetDependency section */
		1B4C9E3822127DCA0089B900 /* PBXTargetDependency */ = {
			isa = PBXTargetDependency;
			target = 1B4C9E2122127DC80089B900 /* demo */;
			targetProxy = 1B4C9E3722127DCA0089B900 /* PBXContainerItemProxy */;
		};
		1B4C9E4322127DCA0089B900 /* PBXTargetDependency */ = {
			isa = PBXTargetDependency;
			target = 1B4C9E2122127DC80089B900 /* demo */;
			targetProxy = 1B4C9E4222127DCA0089B900 /* PBXContainerItemProxy */;
		};
/* End PBXTargetDependency section */

/* Begin PBXVariantGroup section */
		1B4C9E2E22127DCA0089B900 /* LaunchScreen.storyboard */ = {
			isa = PBXVariantGroup;
			children = (
				1B4C9E2F22127DCA0089B900 /* Base */,
			);
			name = LaunchScreen.storyboard;
			sourceTree = "<group>";
		};
/* End PBXVariantGroup section */

/* Begin XCBuildConfiguration section */
		1B4C9E4822127DCA0089B900 /* Debug */ = {
			isa = XCBuildConfiguration;
			buildSettings = {
				ALWAYS_SEARCH_USER_PATHS = NO;
				CLANG_ANALYZER_NONNULL = YES;
				CLANG_ANALYZER_NUMBER_OBJECT_CONVERSION = YES_AGGRESSIVE;
				CLANG_CXX_LANGUAGE_STANDARD = "gnu++14";
				CLANG_CXX_LIBRARY = "libc++";
				CLANG_ENABLE_MODULES = YES;
				CLANG_ENABLE_OBJC_ARC = YES;
				CLANG_ENABLE_OBJC_WEAK = YES;
				CLANG_WARN_BLOCK_CAPTURE_AUTORELEASING = YES;
				CLANG_WARN_BOOL_CONVERSION = YES;
				CLANG_WARN_COMMA = YES;
				CLANG_WARN_CONSTANT_CONVERSION = YES;
				CLANG_WARN_DEPRECATED_OBJC_IMPLEMENTATIONS = YES;
				CLANG_WARN_DIRECT_OBJC_ISA_USAGE = YES_ERROR;
				CLANG_WARN_DOCUMENTATION_COMMENTS = YES;
				CLANG_WARN_EMPTY_BODY = YES;
				CLANG_WARN_ENUM_CONVERSION = YES;
				CLANG_WARN_INFINITE_RECURSION = YES;
				CLANG_WARN_INT_CONVERSION = YES;
				CLANG_WARN_NON_LITERAL_NULL_CONVERSION = YES;
				CLANG_WARN_OBJC_IMPLICIT_RETAIN_SELF = YES;
				CLANG_WARN_OBJC_LITERAL_CONVERSION = YES;
				CLANG_WARN_OBJC_ROOT_CLASS = YES_ERROR;
				CLANG_WARN_RANGE_LOOP_ANALYSIS = YES;
				CLANG_WARN_STRICT_PROTOTYPES = YES;
				CLANG_WARN_SUSPICIOUS_MOVE = YES;
				CLANG_WARN_UNGUARDED_AVAILABILITY = YES_AGGRESSIVE;
				CLANG_WARN_UNREACHABLE_CODE = YES;
				CLANG_WARN__DUPLICATE_METHOD_MATCH = YES;
				CODE_SIGN_IDENTITY = "iPhone Developer";
				COPY_PHASE_STRIP = NO;
				DEBUG_INFORMATION_FORMAT = dwarf;
				ENABLE_STRICT_OBJC_MSGSEND = YES;
				ENABLE_TESTABILITY = YES;
				GCC_C_LANGUAGE_STANDARD = gnu11;
				GCC_DYNAMIC_NO_PIC = NO;
				GCC_NO_COMMON_BLOCKS = YES;
				GCC_OPTIMIZATION_LEVEL = 0;
				GCC_PREPROCESSOR_DEFINITIONS = (
					"DEBUG=1",
					"$(inherited)",
				);
				GCC_WARN_64_TO_32_BIT_CONVERSION = YES;
				GCC_WARN_ABOUT_RETURN_TYPE = YES_ERROR;
				GCC_WARN_UNDECLARED_SELECTOR = YES;
				GCC_WARN_UNINITIALIZED_AUTOS = YES_AGGRESSIVE;
				GCC_WARN_UNUSED_FUNCTION = YES;
				GCC_WARN_UNUSED_VARIABLE = YES;
				IPHONEOS_DEPLOYMENT_TARGET = 12.0;
				MTL_ENABLE_DEBUG_INFO = INCLUDE_SOURCE;
				MTL_FAST_MATH = YES;
				ONLY_ACTIVE_ARCH = YES;
				SDKROOT = iphoneos;
				SWIFT_ACTIVE_COMPILATION_CONDITIONS = DEBUG;
				SWIFT_OPTIMIZATION_LEVEL = "-Onone";
			};
			name = Debug;
		};
		1B4C9E4922127DCA0089B900 /* Release */ = {
			isa = XCBuildConfiguration;
			buildSettings = {
				ALWAYS_SEARCH_USER_PATHS = NO;
				CLANG_ANALYZER_NONNULL = YES;
				CLANG_ANALYZER_NUMBER_OBJECT_CONVERSION = YES_AGGRESSIVE;
				CLANG_CXX_LANGUAGE_STANDARD = "gnu++14";
				CLANG_CXX_LIBRARY = "libc++";
				CLANG_ENABLE_MODULES = YES;
				CLANG_ENABLE_OBJC_ARC = YES;
				CLANG_ENABLE_OBJC_WEAK = YES;
				CLANG_WARN_BLOCK_CAPTURE_AUTORELEASING = YES;
				CLANG_WARN_BOOL_CONVERSION = YES;
				CLANG_WARN_COMMA = YES;
				CLANG_WARN_CONSTANT_CONVERSION = YES;
				CLANG_WARN_DEPRECATED_OBJC_IMPLEMENTATIONS = YES;
				CLANG_WARN_DIRECT_OBJC_ISA_USAGE = YES_ERROR;
				CLANG_WARN_DOCUMENTATION_COMMENTS = YES;
				CLANG_WARN_EMPTY_BODY = YES;
				CLANG_WARN_ENUM_CONVERSION = YES;
				CLANG_WARN_INFINITE_RECURSION = YES;
				CLANG_WARN_INT_CONVERSION = YES;
				CLANG_WARN_NON_LITERAL_NULL_CONVERSION = YES;
				CLANG_WARN_OBJC_IMPLICIT_RETAIN_SELF = YES;
				CLANG_WARN_OBJC_LITERAL_CONVERSION = YES;
				CLANG_WARN_OBJC_ROOT_CLASS = YES_ERROR;
				CLANG_WARN_RANGE_LOOP_ANALYSIS = YES;
				CLANG_WARN_STRICT_PROTOTYPES = YES;
				CLANG_WARN_SUSPICIOUS_MOVE = YES;
				CLANG_WARN_UNGUARDED_AVAILABILITY = YES_AGGRESSIVE;
				CLANG_WARN_UNREACHABLE_CODE = YES;
				CLANG_WARN__DUPLICATE_METHOD_MATCH = YES;
				CODE_SIGN_IDENTITY = "iPhone Developer";
				COPY_PHASE_STRIP = NO;
				DEBUG_INFORMATION_FORMAT = "dwarf-with-dsym";
				ENABLE_NS_ASSERTIONS = NO;
				ENABLE_STRICT_OBJC_MSGSEND = YES;
				GCC_C_LANGUAGE_STANDARD = gnu11;
				GCC_NO_COMMON_BLOCKS = YES;
				GCC_WARN_64_TO_32_BIT_CONVERSION = YES;
				GCC_WARN_ABOUT_RETURN_TYPE = YES_ERROR;
				GCC_WARN_UNDECLARED_SELECTOR = YES;
				GCC_WARN_UNINITIALIZED_AUTOS = YES_AGGRESSIVE;
				GCC_WARN_UNUSED_FUNCTION = YES;
				GCC_WARN_UNUSED_VARIABLE = YES;
				IPHONEOS_DEPLOYMENT_TARGET = 12.0;
				MTL_ENABLE_DEBUG_INFO = NO;
				MTL_FAST_MATH = YES;
				SDKROOT = iphoneos;
				SWIFT_COMPILATION_MODE = wholemodule;
				SWIFT_OPTIMIZATION_LEVEL = "-O";
				VALIDATE_PRODUCT = YES;
			};
			name = Release;
		};
		1B4C9E4B22127DCA0089B900 /* Debug */ = {
			isa = XCBuildConfiguration;
			buildSettings = {
				ASSETCATALOG_COMPILER_APPICON_NAME = AppIcon;
				CODE_SIGN_STYLE = Automatic;
				INFOPLIST_FILE = demo/Info.plist;
				LD_RUNPATH_SEARCH_PATHS = (
					"$(inherited)",
					"@executable_path/Frameworks",
				);
				PRODUCT_BUNDLE_IDENTIFIER = com.demo.demo;
				PRODUCT_NAME = "$(TARGET_NAME)";
				SWIFT_VERSION = 4.2;
				TARGETED_DEVICE_FAMILY = "1,2";
			};
			name = Debug;
		};
		1B4C9E4C22127DCA0089B900 /* Release */ = {
			isa = XCBuildConfiguration;
			buildSettings = {
				ASSETCATALOG_COMPILER_APPICON_NAME = AppIcon;
				CODE_SIGN_STYLE = Automatic;
				INFOPLIST_FILE = demo/Info.plist;
				LD_RUNPATH_SEARCH_PATHS = (
					"$(inherited)",
					"@executable_path/Frameworks",
				);
				PRODUCT_BUNDLE_IDENTIFIER = com.demo.demo;
				PRODUCT_NAME = "$(TARGET_NAME)";
				SWIFT_VERSION = 4.2;
				TARGETED_DEVICE_FAMILY = "1,2";
			};
			name = Release;
		};
		1B4C9E4E22127DCA0089B900 /* Debug */ = {
			isa = XCBuildConfiguration;
			buildSettings = {
				ALWAYS_EMBED_SWIFT_STANDARD_LIBRARIES = YES;
				BUNDLE_LOADER = "$(TEST_HOST)";
				CODE_SIGN_STYLE = Automatic;
				INFOPLIST_FILE = demoTests/Info.plist;
				LD_RUNPATH_SEARCH_PATHS = (
					"$(inherited)",
					"@executable_path/Frameworks",
					"@loader_path/Frameworks",
				);
				PRODUCT_BUNDLE_IDENTIFIER = com.demo.demoTests;
				PRODUCT_NAME = "$(TARGET_NAME)";
				SWIFT_VERSION = 4.2;
				TARGETED_DEVICE_FAMILY = "1,2";
				TEST_HOST = "$(BUILT_PRODUCTS_DIR)/demo.app/demo";
			};
			name = Debug;
		};
		1B4C9E4F22127DCA0089B900 /* Release */ = {
			isa = XCBuildConfiguration;
			buildSettings = {
				ALWAYS_EMBED_SWIFT_STANDARD_LIBRARIES = YES;
				BUNDLE_LOADER = "$(TEST_HOST)";
				CODE_SIGN_STYLE = Automatic;
				INFOPLIST_FILE = demoTests/Info.plist;
				LD_RUNPATH_SEARCH_PATHS = (
					"$(inherited)",
					"@executable_path/Frameworks",
					"@loader_path/Frameworks",
				);
				PRODUCT_BUNDLE_IDENTIFIER = com.demo.demoTests;
				PRODUCT_NAME = "$(TARGET_NAME)";
				SWIFT_VERSION = 4.2;
				TARGETED_DEVICE_FAMILY = "1,2";
				TEST_HOST = "$(BUILT_PRODUCTS_DIR)/demo.app/demo";
			};
			name = Release;
		};
		1B4C9E5122127DCA0089B900 /* Debug */ = {
			isa = XCBuildConfiguration;
			buildSettings = {
				ALWAYS_EMBED_SWIFT_STANDARD_LIBRARIES = YES;
				CODE_SIGN_STYLE = Automatic;
				INFOPLIST_FILE = demoUITests/Info.plist;
				LD_RUNPATH_SEARCH_PATHS = (
					"$(inherited)",
					"@executable_path/Frameworks",
					"@loader_path/Frameworks",
				);
				PRODUCT_BUNDLE_IDENTIFIER = com.demo.demoUITests;
				PRODUCT_NAME = "$(TARGET_NAME)";
				SWIFT_VERSION = 4.2;
				TARGETED_DEVICE_FAMILY = "1,2";
				TEST_TARGET_NAME = demo;
			};
			name = Debug;
		};
		1B4C9E5222127DCA0089B900 /* Release */ = {
			isa = XCBuildConfiguration;
			buildSettings = {
				ALWAYS_EMBED_SWIFT_STANDARD_LIBRARIES = YES;
				CODE_SIGN_STYLE = Automatic;
				INFOPLIST_FILE = demoUITests/Info.plist;
				LD_RUNPATH_SEARCH_PATHS = (
					"$(inherited)",
					"@executable_path/Frameworks",
					"@loader_path/Frameworks",
				);
				PRODUCT_BUNDLE_IDENTIFIER = com.demo.demoUITests;
				PRODUCT_NAME = "$(TARGET_NAME)";
				SWIFT_VERSION = 4.2;
				TARGETED_DEVICE_FAMILY = "1,2";
				TEST_TARGET_NAME = demo;
			};
			name = Release;
		};
/* End XCBuildConfiguration section */

/* Begin XCConfigurationList section */
		1B4C9E1D22127DC80089B900 /* Build configuration list for PBXProject "demo" */ = {
			isa = XCConfigurationList;
			buildConfigurations = (
				1B4C9E4822127DCA0089B900 /* Debug */,
				1B4C9E4922127DCA0089B900 /* Release */,
			);
			defaultConfigurationIsVisible = 0;
			defaultConfigurationName = Release;
		};
		1B4C9E4A22127DCA0089B900 /* Build configuration list for PBXNativeTarget "demo" */ = {
			isa = XCConfigurationList;
			buildConfigurations = (
				1B4C9E4B22127DCA0089B900 /* Debug */,
				1B4C9E4C22127DCA0089B900 /* Release */,
			);
			defaultConfigurationIsVisible = 0;
			defaultConfigurationName = Release;
		};
		1B4C9E4D22127DCA0089B900 /* Build configuration list for PBXNativeTarget "demoTests" */ = {
			isa = XCConfigurationList;
			buildConfigurations = (
				1B4C9E4E22127DCA0089B900 /* Debug */,
				1B4C9E4F22127DCA0089B900 /* Release */,
			);
			defaultConfigurationIsVisible = 0;
			defaultConfigurationName = Release;
		};
		1B4C9E5022127DCA0089B900 /* Build configuration list for PBXNativeTarget "demoUITests" */ = {
			isa = XCConfigurationList;
			buildConfigurations = (
				1B4C9E5122127DCA0089B900 /* Debug */,
				1B4C9E5222127DCA0089B900 /* Release */,
			);
			defaultConfigurationIsVisible = 0;
			defaultConfigurationName = Release;
		};
/* End XCConfigurationList section */
	};
	rootObject = 1B4C9E1A22127DC80089B900 /* Project object */;
}
